// !$*UTF8*$!
{
	archiveVersion = 1;
	classes = {
	};
	objectVersion = 50;
	objects = {

/* Begin PBXBuildFile section */
		853E9E6F2499323600DBAC8B /* AppDelegate.swift in Sources */ = {isa = PBXBuildFile; fileRef = 853E9E6E2499323600DBAC8B /* AppDelegate.swift */; };
		853E9E712499323600DBAC8B /* ViewController.swift in Sources */ = {isa = PBXBuildFile; fileRef = 853E9E702499323600DBAC8B /* ViewController.swift */; };
		853E9E732499323D00DBAC8B /* Assets.xcassets in Resources */ = {isa = PBXBuildFile; fileRef = 853E9E722499323D00DBAC8B /* Assets.xcassets */; };
		853E9E762499323D00DBAC8B /* Main.storyboard in Resources */ = {isa = PBXBuildFile; fileRef = 853E9E742499323D00DBAC8B /* Main.storyboard */; };
		853E9E802499326700DBAC8B /* paragraph.xhtml in Resources */ = {isa = PBXBuildFile; fileRef = 853E9E7F2499326700DBAC8B /* paragraph.xhtml */; };
		853E9E822499327300DBAC8B /* timings.txt in Resources */ = {isa = PBXBuildFile; fileRef = 853E9E812499327300DBAC8B /* timings.txt */; };
		853E9E85249932DB00DBAC8B /* SpanEnumerator.swift in Sources */ = {isa = PBXBuildFile; fileRef = 853E9E84249932DB00DBAC8B /* SpanEnumerator.swift */; };
		853E9E872499330700DBAC8B /* SmilGenerator.swift in Sources */ = {isa = PBXBuildFile; fileRef = 853E9E862499330700DBAC8B /* SmilGenerator.swift */; };
		853E9E8D249A99E500DBAC8B /* SRTGenerator.swift in Sources */ = {isa = PBXBuildFile; fileRef = 853E9E8C249A99E500DBAC8B /* SRTGenerator.swift */; };
/* End PBXBuildFile section */

/* Begin PBXFileReference section */
		853E9E6B2499323600DBAC8B /* EpubGenApp.app */ = {isa = PBXFileReference; explicitFileType = wrapper.application; includeInIndex = 0; path = EpubGenApp.app; sourceTree = BUILT_PRODUCTS_DIR; };
		853E9E6E2499323600DBAC8B /* AppDelegate.swift */ = {isa = PBXFileReference; lastKnownFileType = sourcecode.swift; path = AppDelegate.swift; sourceTree = "<group>"; };
		853E9E702499323600DBAC8B /* ViewController.swift */ = {isa = PBXFileReference; lastKnownFileType = sourcecode.swift; path = ViewController.swift; sourceTree = "<group>"; };
		853E9E722499323D00DBAC8B /* Assets.xcassets */ = {isa = PBXFileReference; lastKnownFileType = folder.assetcatalog; path = Assets.xcassets; sourceTree = "<group>"; };
		853E9E752499323D00DBAC8B /* Base */ = {isa = PBXFileReference; lastKnownFileType = file.storyboard; name = Base; path = Base.lproj/Main.storyboard; sourceTree = "<group>"; };
		853E9E772499323D00DBAC8B /* Info.plist */ = {isa = PBXFileReference; lastKnownFileType = text.plist.xml; path = Info.plist; sourceTree = "<group>"; };
		853E9E782499323D00DBAC8B /* EpubGenApp.entitlements */ = {isa = PBXFileReference; lastKnownFileType = text.plist.entitlements; path = EpubGenApp.entitlements; sourceTree = "<group>"; };
		853E9E7F2499326700DBAC8B /* paragraph.xhtml */ = {isa = PBXFileReference; fileEncoding = 4; lastKnownFileType = text.xml; path = paragraph.xhtml; sourceTree = "<group>"; };
		853E9E812499327300DBAC8B /* timings.txt */ = {isa = PBXFileReference; fileEncoding = 4; lastKnownFileType = text; path = timings.txt; sourceTree = "<group>"; };
		853E9E84249932DB00DBAC8B /* SpanEnumerator.swift */ = {isa = PBXFileReference; lastKnownFileType = sourcecode.swift; path = SpanEnumerator.swift; sourceTree = "<group>"; };
		853E9E862499330700DBAC8B /* SmilGenerator.swift */ = {isa = PBXFileReference; lastKnownFileType = sourcecode.swift; path = SmilGenerator.swift; sourceTree = "<group>"; };
		853E9E8C249A99E500DBAC8B /* SRTGenerator.swift */ = {isa = PBXFileReference; lastKnownFileType = sourcecode.swift; path = SRTGenerator.swift; sourceTree = "<group>"; };
/* End PBXFileReference section */

/* Begin PBXFrameworksBuildPhase section */
		853E9E682499323600DBAC8B /* Frameworks */ = {
			isa = PBXFrameworksBuildPhase;
			buildActionMask = 2147483647;
			files = (
			);
			runOnlyForDeploymentPostprocessing = 0;
		};
/* End PBXFrameworksBuildPhase section */

/* Begin PBXGroup section */
		853E9E622499323600DBAC8B = {
			isa = PBXGroup;
			children = (
				853E9E6D2499323600DBAC8B /* EpubGenApp */,
				853E9E6C2499323600DBAC8B /* Products */,
			);
			sourceTree = "<group>";
		};
		853E9E6C2499323600DBAC8B /* Products */ = {
			isa = PBXGroup;
			children = (
				853E9E6B2499323600DBAC8B /* EpubGenApp.app */,
			);
			name = Products;
			sourceTree = "<group>";
		};
		853E9E6D2499323600DBAC8B /* EpubGenApp */ = {
			isa = PBXGroup;
			children = (
				853E9E7E2499324F00DBAC8B /* Input */,
				853E9E83249932AF00DBAC8B /* Code */,
				853E9E702499323600DBAC8B /* ViewController.swift */,
				853E9E742499323D00DBAC8B /* Main.storyboard */,
				853E9E6E2499323600DBAC8B /* AppDelegate.swift */,
				853E9E722499323D00DBAC8B /* Assets.xcassets */,
				853E9E772499323D00DBAC8B /* Info.plist */,
				853E9E782499323D00DBAC8B /* EpubGenApp.entitlements */,
			);
			path = EpubGenApp;
			sourceTree = "<group>";
		};
		853E9E7E2499324F00DBAC8B /* Input */ = {
			isa = PBXGroup;
			children = (
				853E9E7F2499326700DBAC8B /* paragraph.xhtml */,
				853E9E812499327300DBAC8B /* timings.txt */,
			);
			path = Input;
			sourceTree = "<group>";
		};
		853E9E83249932AF00DBAC8B /* Code */ = {
			isa = PBXGroup;
			children = (
				853E9E84249932DB00DBAC8B /* SpanEnumerator.swift */,
				853E9E862499330700DBAC8B /* SmilGenerator.swift */,
				853E9E8C249A99E500DBAC8B /* SRTGenerator.swift */,
			);
			path = Code;
			sourceTree = "<group>";
		};
/* End PBXGroup section */

/* Begin PBXNativeTarget section */
		853E9E6A2499323600DBAC8B /* EpubGenApp */ = {
			isa = PBXNativeTarget;
			buildConfigurationList = 853E9E7B2499323D00DBAC8B /* Build configuration list for PBXNativeTarget "EpubGenApp" */;
			buildPhases = (
				853E9E672499323600DBAC8B /* Sources */,
				853E9E682499323600DBAC8B /* Frameworks */,
				853E9E692499323600DBAC8B /* Resources */,
			);
			buildRules = (
			);
			dependencies = (
			);
			name = EpubGenApp;
			productName = EpubGenApp;
			productReference = 853E9E6B2499323600DBAC8B /* EpubGenApp.app */;
			productType = "com.apple.product-type.application";
		};
/* End PBXNativeTarget section */

/* Begin PBXProject section */
		853E9E632499323600DBAC8B /* Project object */ = {
			isa = PBXProject;
			attributes = {
				LastSwiftUpdateCheck = 1150;
				LastUpgradeCheck = 1150;
				ORGANIZATIONNAME = OrbitApp;
				TargetAttributes = {
					853E9E6A2499323600DBAC8B = {
						CreatedOnToolsVersion = 11.5;
					};
				};
			};
			buildConfigurationList = 853E9E662499323600DBAC8B /* Build configuration list for PBXProject "EpubGenApp" */;
			compatibilityVersion = "Xcode 9.3";
			developmentRegion = en;
			hasScannedForEncodings = 0;
			knownRegions = (
				en,
				Base,
			);
			mainGroup = 853E9E622499323600DBAC8B;
			productRefGroup = 853E9E6C2499323600DBAC8B /* Products */;
			projectDirPath = "";
			projectRoot = "";
			targets = (
				853E9E6A2499323600DBAC8B /* EpubGenApp */,
			);
		};
/* End PBXProject section */

/* Begin PBXResourcesBuildPhase section */
		853E9E692499323600DBAC8B /* Resources */ = {
			isa = PBXResourcesBuildPhase;
			buildActionMask = 2147483647;
			files = (
				853E9E822499327300DBAC8B /* timings.txt in Resources */,
				853E9E802499326700DBAC8B /* paragraph.xhtml in Resources */,
				853E9E732499323D00DBAC8B /* Assets.xcassets in Resources */,
				853E9E762499323D00DBAC8B /* Main.storyboard in Resources */,
			);
			runOnlyForDeploymentPostprocessing = 0;
		};
/* End PBXResourcesBuildPhase section */

/* Begin PBXSourcesBuildPhase section */
		853E9E672499323600DBAC8B /* Sources */ = {
			isa = PBXSourcesBuildPhase;
			buildActionMask = 2147483647;
			files = (
				853E9E712499323600DBAC8B /* ViewController.swift in Sources */,
				853E9E6F2499323600DBAC8B /* AppDelegate.swift in Sources */,
				853E9E872499330700DBAC8B /* SmilGenerator.swift in Sources */,
				853E9E8D249A99E500DBAC8B /* SRTGenerator.swift in Sources */,
				853E9E85249932DB00DBAC8B /* SpanEnumerator.swift in Sources */,
			);
			runOnlyForDeploymentPostprocessing = 0;
		};
/* End PBXSourcesBuildPhase section */

/* Begin PBXVariantGroup section */
		853E9E742499323D00DBAC8B /* Main.storyboard */ = {
			isa = PBXVariantGroup;
			children = (
				853E9E752499323D00DBAC8B /* Base */,
			);
			name = Main.storyboard;
			sourceTree = "<group>";
		};
/* End PBXVariantGroup section */

/* Begin XCBuildConfiguration section */
		853E9E792499323D00DBAC8B /* Debug */ = {
			isa = XCBuildConfiguration;
			buildSettings = {
				ALWAYS_SEARCH_USER_PATHS = NO;
				CLANG_ANALYZER_NONNULL = YES;
				CLANG_ANALYZER_NUMBER_OBJECT_CONVERSION = YES_AGGRESSIVE;
				CLANG_CXX_LANGUAGE_STANDARD = "gnu++14";
				CLANG_CXX_LIBRARY = "libc++";
				CLANG_ENABLE_MODULES = YES;
				CLANG_ENABLE_OBJC_ARC = YES;
				CLANG_ENABLE_OBJC_WEAK = YES;
				CLANG_WARN_BLOCK_CAPTURE_AUTORELEASING = YES;
				CLANG_WARN_BOOL_CONVERSION = YES;
				CLANG_WARN_COMMA = YES;
				CLANG_WARN_CONSTANT_CONVERSION = YES;
				CLANG_WARN_DEPRECATED_OBJC_IMPLEMENTATIONS = YES;
				CLANG_WARN_DIRECT_OBJC_ISA_USAGE = YES_ERROR;
				CLANG_WARN_DOCUMENTATION_COMMENTS = YES;
				CLANG_WARN_EMPTY_BODY = YES;
				CLANG_WARN_ENUM_CONVERSION = YES;
				CLANG_WARN_INFINITE_RECURSION = YES;
				CLANG_WARN_INT_CONVERSION = YES;
				CLANG_WARN_NON_LITERAL_NULL_CONVERSION = YES;
				CLANG_WARN_OBJC_IMPLICIT_RETAIN_SELF = YES;
				CLANG_WARN_OBJC_LITERAL_CONVERSION = YES;
				CLANG_WARN_OBJC_ROOT_CLASS = YES_ERROR;
				CLANG_WARN_RANGE_LOOP_ANALYSIS = YES;
				CLANG_WARN_STRICT_PROTOTYPES = YES;
				CLANG_WARN_SUSPICIOUS_MOVE = YES;
				CLANG_WARN_UNGUARDED_AVAILABILITY = YES_AGGRESSIVE;
				CLANG_WARN_UNREACHABLE_CODE = YES;
				CLANG_WARN__DUPLICATE_METHOD_MATCH = YES;
				COPY_PHASE_STRIP = NO;
				DEBUG_INFORMATION_FORMAT = dwarf;
				ENABLE_STRICT_OBJC_MSGSEND = YES;
				ENABLE_TESTABILITY = YES;
				GCC_C_LANGUAGE_STANDARD = gnu11;
				GCC_DYNAMIC_NO_PIC = NO;
				GCC_NO_COMMON_BLOCKS = YES;
				GCC_OPTIMIZATION_LEVEL = 0;
				GCC_PREPROCESSOR_DEFINITIONS = (
					"DEBUG=1",
					"$(inherited)",
				);
				GCC_WARN_64_TO_32_BIT_CONVERSION = YES;
				GCC_WARN_ABOUT_RETURN_TYPE = YES_ERROR;
				GCC_WARN_UNDECLARED_SELECTOR = YES;
				GCC_WARN_UNINITIALIZED_AUTOS = YES_AGGRESSIVE;
				GCC_WARN_UNUSED_FUNCTION = YES;
				GCC_WARN_UNUSED_VARIABLE = YES;
				MACOSX_DEPLOYMENT_TARGET = 10.15;
				MTL_ENABLE_DEBUG_INFO = INCLUDE_SOURCE;
				MTL_FAST_MATH = YES;
				ONLY_ACTIVE_ARCH = YES;
				SDKROOT = macosx;
				SWIFT_ACTIVE_COMPILATION_CONDITIONS = DEBUG;
				SWIFT_OPTIMIZATION_LEVEL = "-Onone";
			};
			name = Debug;
		};
		853E9E7A2499323D00DBAC8B /* Release */ = {
			isa = XCBuildConfiguration;
			buildSettings = {
				ALWAYS_SEARCH_USER_PATHS = NO;
				CLANG_ANALYZER_NONNULL = YES;
				CLANG_ANALYZER_NUMBER_OBJECT_CONVERSION = YES_AGGRESSIVE;
				CLANG_CXX_LANGUAGE_STANDARD = "gnu++14";
				CLANG_CXX_LIBRARY = "libc++";
				CLANG_ENABLE_MODULES = YES;
				CLANG_ENABLE_OBJC_ARC = YES;
				CLANG_ENABLE_OBJC_WEAK = YES;
				CLANG_WARN_BLOCK_CAPTURE_AUTORELEASING = YES;
				CLANG_WARN_BOOL_CONVERSION = YES;
				CLANG_WARN_COMMA = YES;
				CLANG_WARN_CONSTANT_CONVERSION = YES;
				CLANG_WARN_DEPRECATED_OBJC_IMPLEMENTATIONS = YES;
				CLANG_WARN_DIRECT_OBJC_ISA_USAGE = YES_ERROR;
				CLANG_WARN_DOCUMENTATION_COMMENTS = YES;
				CLANG_WARN_EMPTY_BODY = YES;
				CLANG_WARN_ENUM_CONVERSION = YES;
				CLANG_WARN_INFINITE_RECURSION = YES;
				CLANG_WARN_INT_CONVERSION = YES;
				CLANG_WARN_NON_LITERAL_NULL_CONVERSION = YES;
				CLANG_WARN_OBJC_IMPLICIT_RETAIN_SELF = YES;
				CLANG_WARN_OBJC_LITERAL_CONVERSION = YES;
				CLANG_WARN_OBJC_ROOT_CLASS = YES_ERROR;
				CLANG_WARN_RANGE_LOOP_ANALYSIS = YES;
				CLANG_WARN_STRICT_PROTOTYPES = YES;
				CLANG_WARN_SUSPICIOUS_MOVE = YES;
				CLANG_WARN_UNGUARDED_AVAILABILITY = YES_AGGRESSIVE;
				CLANG_WARN_UNREACHABLE_CODE = YES;
				CLANG_WARN__DUPLICATE_METHOD_MATCH = YES;
				COPY_PHASE_STRIP = NO;
				DEBUG_INFORMATION_FORMAT = "dwarf-with-dsym";
				ENABLE_NS_ASSERTIONS = NO;
				ENABLE_STRICT_OBJC_MSGSEND = YES;
				GCC_C_LANGUAGE_STANDARD = gnu11;
				GCC_NO_COMMON_BLOCKS = YES;
				GCC_WARN_64_TO_32_BIT_CONVERSION = YES;
				GCC_WARN_ABOUT_RETURN_TYPE = YES_ERROR;
				GCC_WARN_UNDECLARED_SELECTOR = YES;
				GCC_WARN_UNINITIALIZED_AUTOS = YES_AGGRESSIVE;
				GCC_WARN_UNUSED_FUNCTION = YES;
				GCC_WARN_UNUSED_VARIABLE = YES;
				MACOSX_DEPLOYMENT_TARGET = 10.15;
				MTL_ENABLE_DEBUG_INFO = NO;
				MTL_FAST_MATH = YES;
				SDKROOT = macosx;
				SWIFT_COMPILATION_MODE = wholemodule;
				SWIFT_OPTIMIZATION_LEVEL = "-O";
			};
			name = Release;
		};
		853E9E7C2499323D00DBAC8B /* Debug */ = {
			isa = XCBuildConfiguration;
			buildSettings = {
				ASSETCATALOG_COMPILER_APPICON_NAME = AppIcon;
				CODE_SIGN_ENTITLEMENTS = EpubGenApp/EpubGenApp.entitlements;
				CODE_SIGN_STYLE = Automatic;
				COMBINE_HIDPI_IMAGES = YES;
				DEVELOPMENT_TEAM = 5AAE2CPYY6;
				ENABLE_HARDENED_RUNTIME = YES;
				INFOPLIST_FILE = EpubGenApp/Info.plist;
				LD_RUNPATH_SEARCH_PATHS = (
					"$(inherited)",
					"@executable_path/../Frameworks",
				);
				PRODUCT_BUNDLE_IDENTIFIER = com.OrbitApp.EpubGenApp;
				PRODUCT_NAME = "$(TARGET_NAME)";
				SWIFT_VERSION = 5.0;
			};
			name = Debug;
		};
		853E9E7D2499323D00DBAC8B /* Release */ = {
			isa = XCBuildConfiguration;
			buildSettings = {
				ASSETCATALOG_COMPILER_APPICON_NAME = AppIcon;
				CODE_SIGN_ENTITLEMENTS = EpubGenApp/EpubGenApp.entitlements;
				CODE_SIGN_STYLE = Automatic;
				COMBINE_HIDPI_IMAGES = YES;
				DEVELOPMENT_TEAM = 5AAE2CPYY6;
				ENABLE_HARDENED_RUNTIME = YES;
				INFOPLIST_FILE = EpubGenApp/Info.plist;
				LD_RUNPATH_SEARCH_PATHS = (
					"$(inherited)",
					"@executable_path/../Frameworks",
				);
				PRODUCT_BUNDLE_IDENTIFIER = com.OrbitApp.EpubGenApp;
				PRODUCT_NAME = "$(TARGET_NAME)";
				SWIFT_VERSION = 5.0;
			};
			name = Release;
		};
/* End XCBuildConfiguration section */

/* Begin XCConfigurationList section */
		853E9E662499323600DBAC8B /* Build configuration list for PBXProject "EpubGenApp" */ = {
			isa = XCConfigurationList;
			buildConfigurations = (
				853E9E792499323D00DBAC8B /* Debug */,
				853E9E7A2499323D00DBAC8B /* Release */,
			);
			defaultConfigurationIsVisible = 0;
			defaultConfigurationName = Release;
		};
		853E9E7B2499323D00DBAC8B /* Build configuration list for PBXNativeTarget "EpubGenApp" */ = {
			isa = XCConfigurationList;
			buildConfigurations = (
				853E9E7C2499323D00DBAC8B /* Debug */,
				853E9E7D2499323D00DBAC8B /* Release */,
			);
			defaultConfigurationIsVisible = 0;
			defaultConfigurationName = Release;
		};
/* End XCConfigurationList section */
	};
	rootObject = 853E9E632499323600DBAC8B /* Project object */;
}
